
Microsoft Visual Studio Solution File, Format Version 12.00
# Visual Studio Version 17
VisualStudioVersion = 17.2.32630.192
MinimumVisualStudioVersion = 10.0.40219.1
Project("{FAE04EC0-301F-11D3-BF4B-00C04F79EFBC}") = "TestGroupedComboBoxDatasource", "TestGroupedComboBoxDatasource.csproj", "{D981D6BF-F5C7-4E42-B3B6-BDE96D1910B3}"
EndProject
Global
	GlobalSection(SolutionConfigurationPlatforms) = preSolution
		Debug|Any CPU = Debug|Any CPU
		Release|Any CPU = Release|Any CPU
	EndGlobalSection
	GlobalSection(ProjectConfigurationPlatforms) = postSolution
		{D981D6BF-F5C7-4E42-B3B6-BDE96D1910B3}.Debug|Any CPU.ActiveCfg = Debug|Any CPU
		{D981D6BF-F5C7-4E42-B3B6-BDE96D1910B3}.Debug|Any CPU.Build.0 = Debug|Any CPU
		{D981D6BF-F5C7-4E42-B3B6-BDE96D1910B3}.Release|Any CPU.ActiveCfg = Release|Any CPU
		{D981D6BF-F5C7-4E42-B3B6-BDE96D1910B3}.Release|Any CPU.Build.0 = Release|Any CPU
	EndGlobalSection
	GlobalSection(SolutionProperties) = preSolution
		HideSolutionNode = FALSE
	EndGlobalSection
	GlobalSection(ExtensibilityGlobals) = postSolution
		SolutionGuid = {B59F6243-DAEA-49DC-A0DB-533C2B0AC33E}
	EndGlobalSection
EndGlobal
